
Microsoft Visual Studio Solution File, Format Version 12.00
# Visual Studio Version 17
VisualStudioVersion = 17.4.33205.214
MinimumVisualStudioVersion = 10.0.40219.1
Project("{9A19103F-16F7-4668-BE54-9A1E7A4F7556}") = "Resturant Reservations System", "Resturant Reservations System.csproj", "{93C61239-C2A7-4558-BCA7-F96D8B676C32}"
EndProject
Project("{9A19103F-16F7-4668-BE54-9A1E7A4F7556}") = "Resturant Reservations Db", "Resturant Reservations Db\Resturant Reservations Db.csproj", "{F8AD9A82-79FB-4940-BAEA-474E2839A790}"
EndProject
Global
	GlobalSection(SolutionConfigurationPlatforms) = preSolution
		Debug|Any CPU = Debug|Any CPU
		Release|Any CPU = Release|Any CPU
	EndGlobalSection
	GlobalSection(ProjectConfigurationPlatforms) = postSolution
		{93C61239-C2A7-4558-BCA7-F96D8B676C32}.Debug|Any CPU.ActiveCfg = Debug|Any CPU
		{93C61239-C2A7-4558-BCA7-F96D8B676C32}.Debug|Any CPU.Build.0 = Debug|Any CPU
		{93C61239-C2A7-4558-BCA7-F96D8B676C32}.Release|Any CPU.ActiveCfg = Release|Any CPU
		{93C61239-C2A7-4558-BCA7-F96D8B676C32}.Release|Any CPU.Build.0 = Release|Any CPU
		{F8AD9A82-79FB-4940-BAEA-474E2839A790}.Debug|Any CPU.ActiveCfg = Debug|Any CPU
		{F8AD9A82-79FB-4940-BAEA-474E2839A790}.Debug|Any CPU.Build.0 = Debug|Any CPU
		{F8AD9A82-79FB-4940-BAEA-474E2839A790}.Release|Any CPU.ActiveCfg = Release|Any CPU
		{F8AD9A82-79FB-4940-BAEA-474E2839A790}.Release|Any CPU.Build.0 = Release|Any CPU
	EndGlobalSection
	GlobalSection(SolutionProperties) = preSolution
		HideSolutionNode = FALSE
	EndGlobalSection
	GlobalSection(ExtensibilityGlobals) = postSolution
		SolutionGuid = {067409E8-C52A-422B-8230-C82579AA84DB}
	EndGlobalSection
EndGlobal
